
Microsoft Visual Studio Solution File, Format Version 12.00
# Visual Studio 2013
VisualStudioVersion = 12.0.21005.1
MinimumVisualStudioVersion = 10.0.40219.1
Project("{FAE04EC0-301F-11D3-BF4B-00C04F79EFBC}") = "Lesson1", "Group16\Lesson1.csproj", "{0D277C69-DEE3-40D7-84C9-340567E38D43}"
EndProject
Project("{FAE04EC0-301F-11D3-BF4B-00C04F79EFBC}") = "Lesson2", "Lesson2\Lesson2.csproj", "{F7A54981-99FD-47DE-9CFA-CDFFD42933B4}"
EndProject
Project("{FAE04EC0-301F-11D3-BF4B-00C04F79EFBC}") = "Lesson3", "Lesson3\Lesson3.csproj", "{B71F4A6B-797E-4264-A4B9-6FD022781C05}"
EndProject
Project("{FAE04EC0-301F-11D3-BF4B-00C04F79EFBC}") = "Lesson5", "Lesson5\Lesson5.csproj", "{BB00B064-3DD6-45CA-A9BB-BF77148477F1}"
EndProject
Project("{FAE04EC0-301F-11D3-BF4B-00C04F79EFBC}") = "Lesson7", "Lesson7\Lesson7.csproj", "{AFB17C7B-6940-4D9E-AA07-ADD85A816C70}"
EndProject
Project("{FAE04EC0-301F-11D3-BF4B-00C04F79EFBC}") = "WorkersLibrary", "WorkersLibrary\WorkersLibrary.csproj", "{1D2A03B8-6187-4D5A-9E04-87BD5D0B8A07}"
EndProject
Project("{FAE04EC0-301F-11D3-BF4B-00C04F79EFBC}") = "Lesson7_Generic", "Lesson7_Generic\Lesson7_Generic.csproj", "{6F2B796B-8313-40C1-B52F-B6CA581FE8E9}"
EndProject
Project("{FAE04EC0-301F-11D3-BF4B-00C04F79EFBC}") = "Lesson8_Lorry", "Lesson8_Lorry\Lesson8_Lorry.csproj", "{6BF8E844-1902-4B50-951E-4A6E28C99F02}"
EndProject
Project("{FAE04EC0-301F-11D3-BF4B-00C04F79EFBC}") = "Lesson8_Exceptions", "Lesson8_Exceptions\Lesson8_Exceptions.csproj", "{4F1F6C0D-B19A-41B2-92C7-86321B215D4F}"
EndProject
Project("{FAE04EC0-301F-11D3-BF4B-00C04F79EFBC}") = "Lesson10_Types", "Lesson10_Types\Lesson10_Types.csproj", "{40376D3D-BAE1-4F23-8D0C-361706F2E0C7}"
EndProject
Project("{FAE04EC0-301F-11D3-BF4B-00C04F79EFBC}") = "Lesson10_Serialization", "Lesson10_Serialization\Lesson10_Serialization.csproj", "{B24E62BF-3EA7-4366-9D2D-29B33C436BCC}"
EndProject
Project("{FAE04EC0-301F-11D3-BF4B-00C04F79EFBC}") = "Lesson10", "Lesson10\Lesson10.csproj", "{E2F168CB-96A6-4A1F-8263-9EB25108D9E4}"
EndProject
Project("{FAE04EC0-301F-11D3-BF4B-00C04F79EFBC}") = "WorkersEditor", "WorkersEditor\WorkersEditor.csproj", "{D7BE310F-12E3-4CC9-8BB8-B3BB8D030894}"
EndProject
Global
	GlobalSection(SolutionConfigurationPlatforms) = preSolution
		Debug|Any CPU = Debug|Any CPU
		Release|Any CPU = Release|Any CPU
		Trial|Any CPU = Trial|Any CPU
	EndGlobalSection
	GlobalSection(ProjectConfigurationPlatforms) = postSolution
		{0D277C69-DEE3-40D7-84C9-340567E38D43}.Debug|Any CPU.ActiveCfg = Debug|Any CPU
		{0D277C69-DEE3-40D7-84C9-340567E38D43}.Debug|Any CPU.Build.0 = Debug|Any CPU
		{0D277C69-DEE3-40D7-84C9-340567E38D43}.Release|Any CPU.ActiveCfg = Release|Any CPU
		{0D277C69-DEE3-40D7-84C9-340567E38D43}.Release|Any CPU.Build.0 = Release|Any CPU
		{0D277C69-DEE3-40D7-84C9-340567E38D43}.Trial|Any CPU.ActiveCfg = Trial|Any CPU
		{0D277C69-DEE3-40D7-84C9-340567E38D43}.Trial|Any CPU.Build.0 = Trial|Any CPU
		{F7A54981-99FD-47DE-9CFA-CDFFD42933B4}.Debug|Any CPU.ActiveCfg = Debug|Any CPU
		{F7A54981-99FD-47DE-9CFA-CDFFD42933B4}.Debug|Any CPU.Build.0 = Debug|Any CPU
		{F7A54981-99FD-47DE-9CFA-CDFFD42933B4}.Release|Any CPU.ActiveCfg = Release|Any CPU
		{F7A54981-99FD-47DE-9CFA-CDFFD42933B4}.Release|Any CPU.Build.0 = Release|Any CPU
		{F7A54981-99FD-47DE-9CFA-CDFFD42933B4}.Trial|Any CPU.ActiveCfg = Trial|Any CPU
		{F7A54981-99FD-47DE-9CFA-CDFFD42933B4}.Trial|Any CPU.Build.0 = Trial|Any CPU
		{B71F4A6B-797E-4264-A4B9-6FD022781C05}.Debug|Any CPU.ActiveCfg = Debug|Any CPU
		{B71F4A6B-797E-4264-A4B9-6FD022781C05}.Debug|Any CPU.Build.0 = Debug|Any CPU
		{B71F4A6B-797E-4264-A4B9-6FD022781C05}.Release|Any CPU.ActiveCfg = Release|Any CPU
		{B71F4A6B-797E-4264-A4B9-6FD022781C05}.Release|Any CPU.Build.0 = Release|Any CPU
		{B71F4A6B-797E-4264-A4B9-6FD022781C05}.Trial|Any CPU.ActiveCfg = Trial|Any CPU
		{B71F4A6B-797E-4264-A4B9-6FD022781C05}.Trial|Any CPU.Build.0 = Trial|Any CPU
		{BB00B064-3DD6-45CA-A9BB-BF77148477F1}.Debug|Any CPU.ActiveCfg = Debug|Any CPU
		{BB00B064-3DD6-45CA-A9BB-BF77148477F1}.Debug|Any CPU.Build.0 = Debug|Any CPU
		{BB00B064-3DD6-45CA-A9BB-BF77148477F1}.Release|Any CPU.ActiveCfg = Release|Any CPU
		{BB00B064-3DD6-45CA-A9BB-BF77148477F1}.Release|Any CPU.Build.0 = Release|Any CPU
		{BB00B064-3DD6-45CA-A9BB-BF77148477F1}.Trial|Any CPU.ActiveCfg = Trial|Any CPU
		{BB00B064-3DD6-45CA-A9BB-BF77148477F1}.Trial|Any CPU.Build.0 = Trial|Any CPU
		{AFB17C7B-6940-4D9E-AA07-ADD85A816C70}.Debug|Any CPU.ActiveCfg = Debug|Any CPU
		{AFB17C7B-6940-4D9E-AA07-ADD85A816C70}.Debug|Any CPU.Build.0 = Debug|Any CPU
		{AFB17C7B-6940-4D9E-AA07-ADD85A816C70}.Release|Any CPU.ActiveCfg = Release|Any CPU
		{AFB17C7B-6940-4D9E-AA07-ADD85A816C70}.Release|Any CPU.Build.0 = Release|Any CPU
		{AFB17C7B-6940-4D9E-AA07-ADD85A816C70}.Trial|Any CPU.ActiveCfg = Trial|Any CPU
		{AFB17C7B-6940-4D9E-AA07-ADD85A816C70}.Trial|Any CPU.Build.0 = Trial|Any CPU
		{1D2A03B8-6187-4D5A-9E04-87BD5D0B8A07}.Debug|Any CPU.ActiveCfg = Debug|Any CPU
		{1D2A03B8-6187-4D5A-9E04-87BD5D0B8A07}.Debug|Any CPU.Build.0 = Debug|Any CPU
		{1D2A03B8-6187-4D5A-9E04-87BD5D0B8A07}.Release|Any CPU.ActiveCfg = Release|Any CPU
		{1D2A03B8-6187-4D5A-9E04-87BD5D0B8A07}.Release|Any CPU.Build.0 = Release|Any CPU
		{1D2A03B8-6187-4D5A-9E04-87BD5D0B8A07}.Trial|Any CPU.ActiveCfg = Trial|Any CPU
		{1D2A03B8-6187-4D5A-9E04-87BD5D0B8A07}.Trial|Any CPU.Build.0 = Trial|Any CPU
		{6F2B796B-8313-40C1-B52F-B6CA581FE8E9}.Debug|Any CPU.ActiveCfg = Debug|Any CPU
		{6F2B796B-8313-40C1-B52F-B6CA581FE8E9}.Debug|Any CPU.Build.0 = Debug|Any CPU
		{6F2B796B-8313-40C1-B52F-B6CA581FE8E9}.Release|Any CPU.ActiveCfg = Release|Any CPU
		{6F2B796B-8313-40C1-B52F-B6CA581FE8E9}.Release|Any CPU.Build.0 = Release|Any CPU
		{6F2B796B-8313-40C1-B52F-B6CA581FE8E9}.Trial|Any CPU.ActiveCfg = Trial|Any CPU
		{6F2B796B-8313-40C1-B52F-B6CA581FE8E9}.Trial|Any CPU.Build.0 = Trial|Any CPU
		{6BF8E844-1902-4B50-951E-4A6E28C99F02}.Debug|Any CPU.ActiveCfg = Debug|Any CPU
		{6BF8E844-1902-4B50-951E-4A6E28C99F02}.Debug|Any CPU.Build.0 = Debug|Any CPU
		{6BF8E844-1902-4B50-951E-4A6E28C99F02}.Release|Any CPU.ActiveCfg = Release|Any CPU
		{6BF8E844-1902-4B50-951E-4A6E28C99F02}.Release|Any CPU.Build.0 = Release|Any CPU
		{6BF8E844-1902-4B50-951E-4A6E28C99F02}.Trial|Any CPU.ActiveCfg = Trial|Any CPU
		{6BF8E844-1902-4B50-951E-4A6E28C99F02}.Trial|Any CPU.Build.0 = Trial|Any CPU
		{4F1F6C0D-B19A-41B2-92C7-86321B215D4F}.Debug|Any CPU.ActiveCfg = Debug|Any CPU
		{4F1F6C0D-B19A-41B2-92C7-86321B215D4F}.Debug|Any CPU.Build.0 = Debug|Any CPU
		{4F1F6C0D-B19A-41B2-92C7-86321B215D4F}.Release|Any CPU.ActiveCfg = Release|Any CPU
		{4F1F6C0D-B19A-41B2-92C7-86321B215D4F}.Release|Any CPU.Build.0 = Release|Any CPU
		{4F1F6C0D-B19A-41B2-92C7-86321B215D4F}.Trial|Any CPU.ActiveCfg = Trial|Any CPU
		{4F1F6C0D-B19A-41B2-92C7-86321B215D4F}.Trial|Any CPU.Build.0 = Trial|Any CPU
		{40376D3D-BAE1-4F23-8D0C-361706F2E0C7}.Debug|Any CPU.ActiveCfg = Debug|Any CPU
		{40376D3D-BAE1-4F23-8D0C-361706F2E0C7}.Debug|Any CPU.Build.0 = Debug|Any CPU
		{40376D3D-BAE1-4F23-8D0C-361706F2E0C7}.Release|Any CPU.ActiveCfg = Release|Any CPU
		{40376D3D-BAE1-4F23-8D0C-361706F2E0C7}.Release|Any CPU.Build.0 = Release|Any CPU
		{40376D3D-BAE1-4F23-8D0C-361706F2E0C7}.Trial|Any CPU.ActiveCfg = Trial|Any CPU
		{40376D3D-BAE1-4F23-8D0C-361706F2E0C7}.Trial|Any CPU.Build.0 = Trial|Any CPU
		{B24E62BF-3EA7-4366-9D2D-29B33C436BCC}.Debug|Any CPU.ActiveCfg = Debug|Any CPU
		{B24E62BF-3EA7-4366-9D2D-29B33C436BCC}.Debug|Any CPU.Build.0 = Debug|Any CPU
		{B24E62BF-3EA7-4366-9D2D-29B33C436BCC}.Release|Any CPU.ActiveCfg = Release|Any CPU
		{B24E62BF-3EA7-4366-9D2D-29B33C436BCC}.Release|Any CPU.Build.0 = Release|Any CPU
		{B24E62BF-3EA7-4366-9D2D-29B33C436BCC}.Trial|Any CPU.ActiveCfg = Trial|Any CPU
		{B24E62BF-3EA7-4366-9D2D-29B33C436BCC}.Trial|Any CPU.Build.0 = Trial|Any CPU
		{E2F168CB-96A6-4A1F-8263-9EB25108D9E4}.Debug|Any CPU.ActiveCfg = Debug|Any CPU
		{E2F168CB-96A6-4A1F-8263-9EB25108D9E4}.Debug|Any CPU.Build.0 = Debug|Any CPU
		{E2F168CB-96A6-4A1F-8263-9EB25108D9E4}.Release|Any CPU.ActiveCfg = Release|Any CPU
		{E2F168CB-96A6-4A1F-8263-9EB25108D9E4}.Release|Any CPU.Build.0 = Release|Any CPU
		{E2F168CB-96A6-4A1F-8263-9EB25108D9E4}.Trial|Any CPU.ActiveCfg = Trial|Any CPU
		{E2F168CB-96A6-4A1F-8263-9EB25108D9E4}.Trial|Any CPU.Build.0 = Trial|Any CPU
		{D7BE310F-12E3-4CC9-8BB8-B3BB8D030894}.Debug|Any CPU.ActiveCfg = Debug|Any CPU
		{D7BE310F-12E3-4CC9-8BB8-B3BB8D030894}.Debug|Any CPU.Build.0 = Debug|Any CPU
		{D7BE310F-12E3-4CC9-8BB8-B3BB8D030894}.Release|Any CPU.ActiveCfg = Release|Any CPU
		{D7BE310F-12E3-4CC9-8BB8-B3BB8D030894}.Release|Any CPU.Build.0 = Release|Any CPU
		{D7BE310F-12E3-4CC9-8BB8-B3BB8D030894}.Trial|Any CPU.ActiveCfg = Release|Any CPU
		{D7BE310F-12E3-4CC9-8BB8-B3BB8D030894}.Trial|Any CPU.Build.0 = Release|Any CPU
	EndGlobalSection
	GlobalSection(SolutionProperties) = preSolution
		HideSolutionNode = FALSE
	EndGlobalSection
EndGlobal
