
Microsoft Visual Studio Solution File, Format Version 12.00
# Visual Studio 2013
VisualStudioVersion = 12.0.21005.1
MinimumVisualStudioVersion = 10.0.40219.1
Project("{FAE04EC0-301F-11D3-BF4B-00C04F79EFBC}") = "Lesson9_11.03.16", "Lesson9_11.03.16\Lesson9_11.03.16.csproj", "{706E4A82-3F76-4A43-9BE8-BDFAE5F25B22}"
EndProject
Project("{FAE04EC0-301F-11D3-BF4B-00C04F79EFBC}") = "Calculator", "Calculator\Calculator.csproj", "{D1150AB0-F6FE-4D7D-A737-80C1ADCB205C}"
EndProject
Global
	GlobalSection(SolutionConfigurationPlatforms) = preSolution
		Debug|Any CPU = Debug|Any CPU
		Release|Any CPU = Release|Any CPU
	EndGlobalSection
	GlobalSection(ProjectConfigurationPlatforms) = postSolution
		{706E4A82-3F76-4A43-9BE8-BDFAE5F25B22}.Debug|Any CPU.ActiveCfg = Debug|Any CPU
		{706E4A82-3F76-4A43-9BE8-BDFAE5F25B22}.Debug|Any CPU.Build.0 = Debug|Any CPU
		{706E4A82-3F76-4A43-9BE8-BDFAE5F25B22}.Release|Any CPU.ActiveCfg = Release|Any CPU
		{706E4A82-3F76-4A43-9BE8-BDFAE5F25B22}.Release|Any CPU.Build.0 = Release|Any CPU
		{D1150AB0-F6FE-4D7D-A737-80C1ADCB205C}.Debug|Any CPU.ActiveCfg = Debug|Any CPU
		{D1150AB0-F6FE-4D7D-A737-80C1ADCB205C}.Debug|Any CPU.Build.0 = Debug|Any CPU
		{D1150AB0-F6FE-4D7D-A737-80C1ADCB205C}.Release|Any CPU.ActiveCfg = Release|Any CPU
		{D1150AB0-F6FE-4D7D-A737-80C1ADCB205C}.Release|Any CPU.Build.0 = Release|Any CPU
	EndGlobalSection
	GlobalSection(SolutionProperties) = preSolution
		HideSolutionNode = FALSE
	EndGlobalSection
EndGlobal
